// !$*UTF8*$!
{
	archiveVersion = 1;
	classes = {
	};
	objectVersion = 77;
	objects = {

/* Begin PBXContainerItemProxy section */
		EBDC62EF2D11717500276E41 /* PBXContainerItemProxy */ = {
			isa = PBXContainerItemProxy;
			containerPortal = EBDC62D62D11717200276E41 /* Project object */;
			proxyType = 1;
			remoteGlobalIDString = EBDC62DD2D11717200276E41;
			remoteInfo = AsyncSequenceAndStreamBootcamp;
		};
		EBDC62F92D11717500276E41 /* PBXContainerItemProxy */ = {
			isa = PBXContainerItemProxy;
			containerPortal = EBDC62D62D11717200276E41 /* Project object */;
			proxyType = 1;
			remoteGlobalIDString = EBDC62DD2D11717200276E41;
			remoteInfo = AsyncSequenceAndStreamBootcamp;
		};
/* End PBXContainerItemProxy section */

/* Begin PBXFileReference section */
		EBDC62DE2D11717200276E41 /* AsyncSequenceAndStreamBootcamp.app */ = {isa = PBXFileReference; explicitFileType = wrapper.application; includeInIndex = 0; path = AsyncSequenceAndStreamBootcamp.app; sourceTree = BUILT_PRODUCTS_DIR; };
		EBDC62EE2D11717500276E41 /* AsyncSequenceAndStreamBootcampTests.xctest */ = {isa = PBXFileReference; explicitFileType = wrapper.cfbundle; includeInIndex = 0; path = AsyncSequenceAndStreamBootcampTests.xctest; sourceTree = BUILT_PRODUCTS_DIR; };
		EBDC62F82D11717500276E41 /* AsyncSequenceAndStreamBootcampUITests.xctest */ = {isa = PBXFileReference; explicitFileType = wrapper.cfbundle; includeInIndex = 0; path = AsyncSequenceAndStreamBootcampUITests.xctest; sourceTree = BUILT_PRODUCTS_DIR; };
/* End PBXFileReference section */

/* Begin PBXFileSystemSynchronizedRootGroup section */
		EBDC62E02D11717200276E41 /* AsyncSequenceAndStreamBootcamp */ = {
			isa = PBXFileSystemSynchronizedRootGroup;
			path = AsyncSequenceAndStreamBootcamp;
			sourceTree = "<group>";
		};
		EBDC62F12D11717500276E41 /* AsyncSequenceAndStreamBootcampTests */ = {
			isa = PBXFileSystemSynchronizedRootGroup;
			path = AsyncSequenceAndStreamBootcampTests;
			sourceTree = "<group>";
		};
		EBDC62FB2D11717500276E41 /* AsyncSequenceAndStreamBootcampUITests */ = {
			isa = PBXFileSystemSynchronizedRootGroup;
			path = AsyncSequenceAndStreamBootcampUITests;
			sourceTree = "<group>";
		};
/* End PBXFileSystemSynchronizedRootGroup section */

/* Begin PBXFrameworksBuildPhase section */
		EBDC62DB2D11717200276E41 /* Frameworks */ = {
			isa = PBXFrameworksBuildPhase;
			buildActionMask = 2147483647;
			files = (
			);
			runOnlyForDeploymentPostprocessing = 0;
		};
		EBDC62EB2D11717500276E41 /* Frameworks */ = {
			isa = PBXFrameworksBuildPhase;
			buildActionMask = 2147483647;
			files = (
			);
			runOnlyForDeploymentPostprocessing = 0;
		};
		EBDC62F52D11717500276E41 /* Frameworks */ = {
			isa = PBXFrameworksBuildPhase;
			buildActionMask = 2147483647;
			files = (
			);
			runOnlyForDeploymentPostprocessing = 0;
		};
/* End PBXFrameworksBuildPhase section */

/* Begin PBXGroup section */
		EBDC62D52D11717200276E41 = {
			isa = PBXGroup;
			children = (
				EBDC62E02D11717200276E41 /* AsyncSequenceAndStreamBootcamp */,
				EBDC62F12D11717500276E41 /* AsyncSequenceAndStreamBootcampTests */,
				EBDC62FB2D11717500276E41 /* AsyncSequenceAndStreamBootcampUITests */,
				EBDC62DF2D11717200276E41 /* Products */,
			);
			sourceTree = "<group>";
		};
		EBDC62DF2D11717200276E41 /* Products */ = {
			isa = PBXGroup;
			children = (
				EBDC62DE2D11717200276E41 /* AsyncSequenceAndStreamBootcamp.app */,
				EBDC62EE2D11717500276E41 /* AsyncSequenceAndStreamBootcampTests.xctest */,
				EBDC62F82D11717500276E41 /* AsyncSequenceAndStreamBootcampUITests.xctest */,
			);
			name = Products;
			sourceTree = "<group>";
		};
/* End PBXGroup section */

/* Begin PBXNativeTarget section */
		EBDC62DD2D11717200276E41 /* AsyncSequenceAndStreamBootcamp */ = {
			isa = PBXNativeTarget;
			buildConfigurationList = EBDC63022D11717500276E41 /* Build configuration list for PBXNativeTarget "AsyncSequenceAndStreamBootcamp" */;
			buildPhases = (
				EBDC62DA2D11717200276E41 /* Sources */,
				EBDC62DB2D11717200276E41 /* Frameworks */,
				EBDC62DC2D11717200276E41 /* Resources */,
			);
			buildRules = (
			);
			dependencies = (
			);
			fileSystemSynchronizedGroups = (
				EBDC62E02D11717200276E41 /* AsyncSequenceAndStreamBootcamp */,
			);
			name = AsyncSequenceAndStreamBootcamp;
			packageProductDependencies = (
			);
			productName = AsyncSequenceAndStreamBootcamp;
			productReference = EBDC62DE2D11717200276E41 /* AsyncSequenceAndStreamBootcamp.app */;
			productType = "com.apple.product-type.application";
		};
		EBDC62ED2D11717500276E41 /* AsyncSequenceAndStreamBootcampTests */ = {
			isa = PBXNativeTarget;
			buildConfigurationList = EBDC63052D11717500276E41 /* Build configuration list for PBXNativeTarget "AsyncSequenceAndStreamBootcampTests" */;
			buildPhases = (
				EBDC62EA2D11717500276E41 /* Sources */,
				EBDC62EB2D11717500276E41 /* Frameworks */,
				EBDC62EC2D11717500276E41 /* Resources */,
			);
			buildRules = (
			);
			dependencies = (
				EBDC62F02D11717500276E41 /* PBXTargetDependency */,
			);
			fileSystemSynchronizedGroups = (
				EBDC62F12D11717500276E41 /* AsyncSequenceAndStreamBootcampTests */,
			);
			name = AsyncSequenceAndStreamBootcampTests;
			packageProductDependencies = (
			);
			productName = AsyncSequenceAndStreamBootcampTests;
			productReference = EBDC62EE2D11717500276E41 /* AsyncSequenceAndStreamBootcampTests.xctest */;
			productType = "com.apple.product-type.bundle.unit-test";
		};
		EBDC62F72D11717500276E41 /* AsyncSequenceAndStreamBootcampUITests */ = {
			isa = PBXNativeTarget;
			buildConfigurationList = EBDC63082D11717500276E41 /* Build configuration list for PBXNativeTarget "AsyncSequenceAndStreamBootcampUITests" */;
			buildPhases = (
				EBDC62F42D11717500276E41 /* Sources */,
				EBDC62F52D11717500276E41 /* Frameworks */,
				EBDC62F62D11717500276E41 /* Resources */,
			);
			buildRules = (
			);
			dependencies = (
				EBDC62FA2D11717500276E41 /* PBXTargetDependency */,
			);
			fileSystemSynchronizedGroups = (
				EBDC62FB2D11717500276E41 /* AsyncSequenceAndStreamBootcampUITests */,
			);
			name = AsyncSequenceAndStreamBootcampUITests;
			packageProductDependencies = (
			);
			productName = AsyncSequenceAndStreamBootcampUITests;
			productReference = EBDC62F82D11717500276E41 /* AsyncSequenceAndStreamBootcampUITests.xctest */;
			productType = "com.apple.product-type.bundle.ui-testing";
		};
/* End PBXNativeTarget section */

/* Begin PBXProject section */
		EBDC62D62D11717200276E41 /* Project object */ = {
			isa = PBXProject;
			attributes = {
				BuildIndependentTargetsInParallel = 1;
				LastSwiftUpdateCheck = 1620;
				LastUpgradeCheck = 1620;
				TargetAttributes = {
					EBDC62DD2D11717200276E41 = {
						CreatedOnToolsVersion = 16.2;
					};
					EBDC62ED2D11717500276E41 = {
						CreatedOnToolsVersion = 16.2;
						TestTargetID = EBDC62DD2D11717200276E41;
					};
					EBDC62F72D11717500276E41 = {
						CreatedOnToolsVersion = 16.2;
						TestTargetID = EBDC62DD2D11717200276E41;
					};
				};
			};
			buildConfigurationList = EBDC62D92D11717200276E41 /* Build configuration list for PBXProject "AsyncSequenceAndStreamBootcamp" */;
			developmentRegion = en;
			hasScannedForEncodings = 0;
			knownRegions = (
				en,
				Base,
			);
			mainGroup = EBDC62D52D11717200276E41;
			minimizedProjectReferenceProxies = 1;
			preferredProjectObjectVersion = 77;
			productRefGroup = EBDC62DF2D11717200276E41 /* Products */;
			projectDirPath = "";
			projectRoot = "";
			targets = (
				EBDC62DD2D11717200276E41 /* AsyncSequenceAndStreamBootcamp */,
				EBDC62ED2D11717500276E41 /* AsyncSequenceAndStreamBootcampTests */,
				EBDC62F72D11717500276E41 /* AsyncSequenceAndStreamBootcampUITests */,
			);
		};
/* End PBXProject section */

/* Begin PBXResourcesBuildPhase section */
		EBDC62DC2D11717200276E41 /* Resources */ = {
			isa = PBXResourcesBuildPhase;
			buildActionMask = 2147483647;
			files = (
			);
			runOnlyForDeploymentPostprocessing = 0;
		};
		EBDC62EC2D11717500276E41 /* Resources */ = {
			isa = PBXResourcesBuildPhase;
			buildActionMask = 2147483647;
			files = (
			);
			runOnlyForDeploymentPostprocessing = 0;
		};
		EBDC62F62D11717500276E41 /* Resources */ = {
			isa = PBXResourcesBuildPhase;
			buildActionMask = 2147483647;
			files = (
			);
			runOnlyForDeploymentPostprocessing = 0;
		};
/* End PBXResourcesBuildPhase section */

/* Begin PBXSourcesBuildPhase section */
		EBDC62DA2D11717200276E41 /* Sources */ = {
			isa = PBXSourcesBuildPhase;
			buildActionMask = 2147483647;
			files = (
			);
			runOnlyForDeploymentPostprocessing = 0;
		};
		EBDC62EA2D11717500276E41 /* Sources */ = {
			isa = PBXSourcesBuildPhase;
			buildActionMask = 2147483647;
			files = (
			);
			runOnlyForDeploymentPostprocessing = 0;
		};
		EBDC62F42D11717500276E41 /* Sources */ = {
			isa = PBXSourcesBuildPhase;
			buildActionMask = 2147483647;
			files = (
			);
			runOnlyForDeploymentPostprocessing = 0;
		};
/* End PBXSourcesBuildPhase section */

/* Begin PBXTargetDependency section */
		EBDC62F02D11717500276E41 /* PBXTargetDependency */ = {
			isa = PBXTargetDependency;
			target = EBDC62DD2D11717200276E41 /* AsyncSequenceAndStreamBootcamp */;
			targetProxy = EBDC62EF2D11717500276E41 /* PBXContainerItemProxy */;
		};
		EBDC62FA2D11717500276E41 /* PBXTargetDependency */ = {
			isa = PBXTargetDependency;
			target = EBDC62DD2D11717200276E41 /* AsyncSequenceAndStreamBootcamp */;
			targetProxy = EBDC62F92D11717500276E41 /* PBXContainerItemProxy */;
		};
/* End PBXTargetDependency section */

/* Begin XCBuildConfiguration section */
		EBDC63002D11717500276E41 /* Debug */ = {
			isa = XCBuildConfiguration;
			buildSettings = {
				ALWAYS_SEARCH_USER_PATHS = NO;
				ASSETCATALOG_COMPILER_GENERATE_SWIFT_ASSET_SYMBOL_EXTENSIONS = YES;
				CLANG_ANALYZER_NONNULL = YES;
				CLANG_ANALYZER_NUMBER_OBJECT_CONVERSION = YES_AGGRESSIVE;
				CLANG_CXX_LANGUAGE_STANDARD = "gnu++20";
				CLANG_ENABLE_MODULES = YES;
				CLANG_ENABLE_OBJC_ARC = YES;
				CLANG_ENABLE_OBJC_WEAK = YES;
				CLANG_WARN_BLOCK_CAPTURE_AUTORELEASING = YES;
				CLANG_WARN_BOOL_CONVERSION = YES;
				CLANG_WARN_COMMA = YES;
				CLANG_WARN_CONSTANT_CONVERSION = YES;
				CLANG_WARN_DEPRECATED_OBJC_IMPLEMENTATIONS = YES;
				CLANG_WARN_DIRECT_OBJC_ISA_USAGE = YES_ERROR;
				CLANG_WARN_DOCUMENTATION_COMMENTS = YES;
				CLANG_WARN_EMPTY_BODY = YES;
				CLANG_WARN_ENUM_CONVERSION = YES;
				CLANG_WARN_INFINITE_RECURSION = YES;
				CLANG_WARN_INT_CONVERSION = YES;
				CLANG_WARN_NON_LITERAL_NULL_CONVERSION = YES;
				CLANG_WARN_OBJC_IMPLICIT_RETAIN_SELF = YES;
				CLANG_WARN_OBJC_LITERAL_CONVERSION = YES;
				CLANG_WARN_OBJC_ROOT_CLASS = YES_ERROR;
				CLANG_WARN_QUOTED_INCLUDE_IN_FRAMEWORK_HEADER = YES;
				CLANG_WARN_RANGE_LOOP_ANALYSIS = YES;
				CLANG_WARN_STRICT_PROTOTYPES = YES;
				CLANG_WARN_SUSPICIOUS_MOVE = YES;
				CLANG_WARN_UNGUARDED_AVAILABILITY = YES_AGGRESSIVE;
				CLANG_WARN_UNREACHABLE_CODE = YES;
				CLANG_WARN__DUPLICATE_METHOD_MATCH = YES;
				COPY_PHASE_STRIP = NO;
				DEBUG_INFORMATION_FORMAT = dwarf;
				ENABLE_STRICT_OBJC_MSGSEND = YES;
				ENABLE_TESTABILITY = YES;
				ENABLE_USER_SCRIPT_SANDBOXING = YES;
				GCC_C_LANGUAGE_STANDARD = gnu17;
				GCC_DYNAMIC_NO_PIC = NO;
				GCC_NO_COMMON_BLOCKS = YES;
				GCC_OPTIMIZATION_LEVEL = 0;
				GCC_PREPROCESSOR_DEFINITIONS = (
					"DEBUG=1",
					"$(inherited)",
				);
				GCC_WARN_64_TO_32_BIT_CONVERSION = YES;
				GCC_WARN_ABOUT_RETURN_TYPE = YES_ERROR;
				GCC_WARN_UNDECLARED_SELECTOR = YES;
				GCC_WARN_UNINITIALIZED_AUTOS = YES_AGGRESSIVE;
				GCC_WARN_UNUSED_FUNCTION = YES;
				GCC_WARN_UNUSED_VARIABLE = YES;
				IPHONEOS_DEPLOYMENT_TARGET = 18.2;
				LOCALIZATION_PREFERS_STRING_CATALOGS = YES;
				MTL_ENABLE_DEBUG_INFO = INCLUDE_SOURCE;
				MTL_FAST_MATH = YES;
				ONLY_ACTIVE_ARCH = YES;
				SDKROOT = iphoneos;
				SWIFT_ACTIVE_COMPILATION_CONDITIONS = "DEBUG $(inherited)";
				SWIFT_OPTIMIZATION_LEVEL = "-Onone";
			};
			name = Debug;
		};
		EBDC63012D11717500276E41 /* Release */ = {
			isa = XCBuildConfiguration;
			buildSettings = {
				ALWAYS_SEARCH_USER_PATHS = NO;
				ASSETCATALOG_COMPILER_GENERATE_SWIFT_ASSET_SYMBOL_EXTENSIONS = YES;
				CLANG_ANALYZER_NONNULL = YES;
				CLANG_ANALYZER_NUMBER_OBJECT_CONVERSION = YES_AGGRESSIVE;
				CLANG_CXX_LANGUAGE_STANDARD = "gnu++20";
				CLANG_ENABLE_MODULES = YES;
				CLANG_ENABLE_OBJC_ARC = YES;
				CLANG_ENABLE_OBJC_WEAK = YES;
				CLANG_WARN_BLOCK_CAPTURE_AUTORELEASING = YES;
				CLANG_WARN_BOOL_CONVERSION = YES;
				CLANG_WARN_COMMA = YES;
				CLANG_WARN_CONSTANT_CONVERSION = YES;
				CLANG_WARN_DEPRECATED_OBJC_IMPLEMENTATIONS = YES;
				CLANG_WARN_DIRECT_OBJC_ISA_USAGE = YES_ERROR;
				CLANG_WARN_DOCUMENTATION_COMMENTS = YES;
				CLANG_WARN_EMPTY_BODY = YES;
				CLANG_WARN_ENUM_CONVERSION = YES;
				CLANG_WARN_INFINITE_RECURSION = YES;
				CLANG_WARN_INT_CONVERSION = YES;
				CLANG_WARN_NON_LITERAL_NULL_CONVERSION = YES;
				CLANG_WARN_OBJC_IMPLICIT_RETAIN_SELF = YES;
				CLANG_WARN_OBJC_LITERAL_CONVERSION = YES;
				CLANG_WARN_OBJC_ROOT_CLASS = YES_ERROR;
				CLANG_WARN_QUOTED_INCLUDE_IN_FRAMEWORK_HEADER = YES;
				CLANG_WARN_RANGE_LOOP_ANALYSIS = YES;
				CLANG_WARN_STRICT_PROTOTYPES = YES;
				CLANG_WARN_SUSPICIOUS_MOVE = YES;
				CLANG_WARN_UNGUARDED_AVAILABILITY = YES_AGGRESSIVE;
				CLANG_WARN_UNREACHABLE_CODE = YES;
				CLANG_WARN__DUPLICATE_METHOD_MATCH = YES;
				COPY_PHASE_STRIP = NO;
				DEBUG_INFORMATION_FORMAT = "dwarf-with-dsym";
				ENABLE_NS_ASSERTIONS = NO;
				ENABLE_STRICT_OBJC_MSGSEND = YES;
				ENABLE_USER_SCRIPT_SANDBOXING = YES;
				GCC_C_LANGUAGE_STANDARD = gnu17;
				GCC_NO_COMMON_BLOCKS = YES;
				GCC_WARN_64_TO_32_BIT_CONVERSION = YES;
				GCC_WARN_ABOUT_RETURN_TYPE = YES_ERROR;
				GCC_WARN_UNDECLARED_SELECTOR = YES;
				GCC_WARN_UNINITIALIZED_AUTOS = YES_AGGRESSIVE;
				GCC_WARN_UNUSED_FUNCTION = YES;
				GCC_WARN_UNUSED_VARIABLE = YES;
				IPHONEOS_DEPLOYMENT_TARGET = 18.2;
				LOCALIZATION_PREFERS_STRING_CATALOGS = YES;
				MTL_ENABLE_DEBUG_INFO = NO;
				MTL_FAST_MATH = YES;
				SDKROOT = iphoneos;
				SWIFT_COMPILATION_MODE = wholemodule;
				VALIDATE_PRODUCT = YES;
			};
			name = Release;
		};
		EBDC63032D11717500276E41 /* Debug */ = {
			isa = XCBuildConfiguration;
			buildSettings = {
				ASSETCATALOG_COMPILER_APPICON_NAME = AppIcon;
				ASSETCATALOG_COMPILER_GLOBAL_ACCENT_COLOR_NAME = AccentColor;
				CODE_SIGN_STYLE = Automatic;
				CURRENT_PROJECT_VERSION = 1;
				DEVELOPMENT_ASSET_PATHS = "\"AsyncSequenceAndStreamBootcamp/Preview Content\"";
				ENABLE_PREVIEWS = YES;
				GENERATE_INFOPLIST_FILE = YES;
				INFOPLIST_KEY_UIApplicationSceneManifest_Generation = YES;
				INFOPLIST_KEY_UIApplicationSupportsIndirectInputEvents = YES;
				INFOPLIST_KEY_UILaunchScreen_Generation = YES;
				INFOPLIST_KEY_UISupportedInterfaceOrientations_iPad = "UIInterfaceOrientationPortrait UIInterfaceOrientationPortraitUpsideDown UIInterfaceOrientationLandscapeLeft UIInterfaceOrientationLandscapeRight";
				INFOPLIST_KEY_UISupportedInterfaceOrientations_iPhone = "UIInterfaceOrientationPortrait UIInterfaceOrientationLandscapeLeft UIInterfaceOrientationLandscapeRight";
				LD_RUNPATH_SEARCH_PATHS = (
					"$(inherited)",
					"@executable_path/Frameworks",
				);
				MARKETING_VERSION = 1.0;
				PRODUCT_BUNDLE_IDENTIFIER = serhankhan.AsyncSequenceAndStreamBootcamp;
				PRODUCT_NAME = "$(TARGET_NAME)";
				SWIFT_EMIT_LOC_STRINGS = YES;
				SWIFT_VERSION = 5.0;
				TARGETED_DEVICE_FAMILY = "1,2";
			};
			name = Debug;
		};
		EBDC63042D11717500276E41 /* Release */ = {
			isa = XCBuildConfiguration;
			buildSettings = {
				ASSETCATALOG_COMPILER_APPICON_NAME = AppIcon;
				ASSETCATALOG_COMPILER_GLOBAL_ACCENT_COLOR_NAME = AccentColor;
				CODE_SIGN_STYLE = Automatic;
				CURRENT_PROJECT_VERSION = 1;
				DEVELOPMENT_ASSET_PATHS = "\"AsyncSequenceAndStreamBootcamp/Preview Content\"";
				ENABLE_PREVIEWS = YES;
				GENERATE_INFOPLIST_FILE = YES;
				INFOPLIST_KEY_UIApplicationSceneManifest_Generation = YES;
				INFOPLIST_KEY_UIApplicationSupportsIndirectInputEvents = YES;
				INFOPLIST_KEY_UILaunchScreen_Generation = YES;
				INFOPLIST_KEY_UISupportedInterfaceOrientations_iPad = "UIInterfaceOrientationPortrait UIInterfaceOrientationPortraitUpsideDown UIInterfaceOrientationLandscapeLeft UIInterfaceOrientationLandscapeRight";
				INFOPLIST_KEY_UISupportedInterfaceOrientations_iPhone = "UIInterfaceOrientationPortrait UIInterfaceOrientationLandscapeLeft UIInterfaceOrientationLandscapeRight";
				LD_RUNPATH_SEARCH_PATHS = (
					"$(inherited)",
					"@executable_path/Frameworks",
				);
				MARKETING_VERSION = 1.0;
				PRODUCT_BUNDLE_IDENTIFIER = serhankhan.AsyncSequenceAndStreamBootcamp;
				PRODUCT_NAME = "$(TARGET_NAME)";
				SWIFT_EMIT_LOC_STRINGS = YES;
				SWIFT_VERSION = 5.0;
				TARGETED_DEVICE_FAMILY = "1,2";
			};
			name = Release;
		};
		EBDC63062D11717500276E41 /* Debug */ = {
			isa = XCBuildConfiguration;
			buildSettings = {
				BUNDLE_LOADER = "$(TEST_HOST)";
				CODE_SIGN_STYLE = Automatic;
				CURRENT_PROJECT_VERSION = 1;
				GENERATE_INFOPLIST_FILE = YES;
				IPHONEOS_DEPLOYMENT_TARGET = 18.2;
				MARKETING_VERSION = 1.0;
				PRODUCT_BUNDLE_IDENTIFIER = serhankhan.AsyncSequenceAndStreamBootcampTests;
				PRODUCT_NAME = "$(TARGET_NAME)";
				SWIFT_EMIT_LOC_STRINGS = NO;
				SWIFT_VERSION = 5.0;
				TARGETED_DEVICE_FAMILY = "1,2";
				TEST_HOST = "$(BUILT_PRODUCTS_DIR)/AsyncSequenceAndStreamBootcamp.app/$(BUNDLE_EXECUTABLE_FOLDER_PATH)/AsyncSequenceAndStreamBootcamp";
			};
			name = Debug;
		};
		EBDC63072D11717500276E41 /* Release */ = {
			isa = XCBuildConfiguration;
			buildSettings = {
				BUNDLE_LOADER = "$(TEST_HOST)";
				CODE_SIGN_STYLE = Automatic;
				CURRENT_PROJECT_VERSION = 1;
				GENERATE_INFOPLIST_FILE = YES;
				IPHONEOS_DEPLOYMENT_TARGET = 18.2;
				MARKETING_VERSION = 1.0;
				PRODUCT_BUNDLE_IDENTIFIER = serhankhan.AsyncSequenceAndStreamBootcampTests;
				PRODUCT_NAME = "$(TARGET_NAME)";
				SWIFT_EMIT_LOC_STRINGS = NO;
				SWIFT_VERSION = 5.0;
				TARGETED_DEVICE_FAMILY = "1,2";
				TEST_HOST = "$(BUILT_PRODUCTS_DIR)/AsyncSequenceAndStreamBootcamp.app/$(BUNDLE_EXECUTABLE_FOLDER_PATH)/AsyncSequenceAndStreamBootcamp";
			};
			name = Release;
		};
		EBDC63092D11717500276E41 /* Debug */ = {
			isa = XCBuildConfiguration;
			buildSettings = {
				CODE_SIGN_STYLE = Automatic;
				CURRENT_PROJECT_VERSION = 1;
				GENERATE_INFOPLIST_FILE = YES;
				MARKETING_VERSION = 1.0;
				PRODUCT_BUNDLE_IDENTIFIER = serhankhan.AsyncSequenceAndStreamBootcampUITests;
				PRODUCT_NAME = "$(TARGET_NAME)";
				SWIFT_EMIT_LOC_STRINGS = NO;
				SWIFT_VERSION = 5.0;
				TARGETED_DEVICE_FAMILY = "1,2";
				TEST_TARGET_NAME = AsyncSequenceAndStreamBootcamp;
			};
			name = Debug;
		};
		EBDC630A2D11717500276E41 /* Release */ = {
			isa = XCBuildConfiguration;
			buildSettings = {
				CODE_SIGN_STYLE = Automatic;
				CURRENT_PROJECT_VERSION = 1;
				GENERATE_INFOPLIST_FILE = YES;
				MARKETING_VERSION = 1.0;
				PRODUCT_BUNDLE_IDENTIFIER = serhankhan.AsyncSequenceAndStreamBootcampUITests;
				PRODUCT_NAME = "$(TARGET_NAME)";
				SWIFT_EMIT_LOC_STRINGS = NO;
				SWIFT_VERSION = 5.0;
				TARGETED_DEVICE_FAMILY = "1,2";
				TEST_TARGET_NAME = AsyncSequenceAndStreamBootcamp;
			};
			name = Release;
		};
/* End XCBuildConfiguration section */

/* Begin XCConfigurationList section */
		EBDC62D92D11717200276E41 /* Build configuration list for PBXProject "AsyncSequenceAndStreamBootcamp" */ = {
			isa = XCConfigurationList;
			buildConfigurations = (
				EBDC63002D11717500276E41 /* Debug */,
				EBDC63012D11717500276E41 /* Release */,
			);
			defaultConfigurationIsVisible = 0;
			defaultConfigurationName = Release;
		};
		EBDC63022D11717500276E41 /* Build configuration list for PBXNativeTarget "AsyncSequenceAndStreamBootcamp" */ = {
			isa = XCConfigurationList;
			buildConfigurations = (
				EBDC63032D11717500276E41 /* Debug */,
				EBDC63042D11717500276E41 /* Release */,
			);
			defaultConfigurationIsVisible = 0;
			defaultConfigurationName = Release;
		};
		EBDC63052D11717500276E41 /* Build configuration list for PBXNativeTarget "AsyncSequenceAndStreamBootcampTests" */ = {
			isa = XCConfigurationList;
			buildConfigurations = (
				EBDC63062D11717500276E41 /* Debug */,
				EBDC63072D11717500276E41 /* Release */,
			);
			defaultConfigurationIsVisible = 0;
			defaultConfigurationName = Release;
		};
		EBDC63082D11717500276E41 /* Build configuration list for PBXNativeTarget "AsyncSequenceAndStreamBootcampUITests" */ = {
			isa = XCConfigurationList;
			buildConfigurations = (
				EBDC63092D11717500276E41 /* Debug */,
				EBDC630A2D11717500276E41 /* Release */,
			);
			defaultConfigurationIsVisible = 0;
			defaultConfigurationName = Release;
		};
/* End XCConfigurationList section */
	};
	rootObject = EBDC62D62D11717200276E41 /* Project object */;
}
